// !$*UTF8*$!
{
	archiveVersion = 1;
	classes = {
	};
	objectVersion = 46;
	objects = {

/* Begin PBXBuildFile section */
		742E63AF1DB49C7D00A1D149 /* AppDelegate.swift in Sources */ = {isa = PBXBuildFile; fileRef = 742E63AE1DB49C7D00A1D149 /* AppDelegate.swift */; };
		742E63B11DB49C7D00A1D149 /* ViewController.swift in Sources */ = {isa = PBXBuildFile; fileRef = 742E63B01DB49C7D00A1D149 /* ViewController.swift */; };
		742E63B41DB49C7D00A1D149 /* Main.storyboard in Resources */ = {isa = PBXBuildFile; fileRef = 742E63B21DB49C7D00A1D149 /* Main.storyboard */; };
		742E63B61DB49C7D00A1D149 /* Assets.xcassets in Resources */ = {isa = PBXBuildFile; fileRef = 742E63B51DB49C7D00A1D149 /* Assets.xcassets */; };
		742E63B91DB49C7D00A1D149 /* LaunchScreen.storyboard in Resources */ = {isa = PBXBuildFile; fileRef = 742E63B71DB49C7D00A1D149 /* LaunchScreen.storyboard */; };
		742E63C41DB49C7D00A1D149 /* To_Do_ListTests.swift in Sources */ = {isa = PBXBuildFile; fileRef = 742E63C31DB49C7D00A1D149 /* To_Do_ListTests.swift */; };
		742E63CF1DB49C7D00A1D149 /* To_Do_ListUITests.swift in Sources */ = {isa = PBXBuildFile; fileRef = 742E63CE1DB49C7D00A1D149 /* To_Do_ListUITests.swift */; };
/* End PBXBuildFile section */

/* Begin PBXContainerItemProxy section */
		742E63C01DB49C7D00A1D149 /* PBXContainerItemProxy */ = {
			isa = PBXContainerItemProxy;
			containerPortal = 742E63A31DB49C7D00A1D149 /* Project object */;
			proxyType = 1;
			remoteGlobalIDString = 742E63AA1DB49C7D00A1D149;
			remoteInfo = "To Do List";
		};
		742E63CB1DB49C7D00A1D149 /* PBXContainerItemProxy */ = {
			isa = PBXContainerItemProxy;
			containerPortal = 742E63A31DB49C7D00A1D149 /* Project object */;
			proxyType = 1;
			remoteGlobalIDString = 742E63AA1DB49C7D00A1D149;
			remoteInfo = "To Do List";
		};
/* End PBXContainerItemProxy section */

/* Begin PBXFileReference section */
		742E63AB1DB49C7D00A1D149 /* To Do List.app */ = {isa = PBXFileReference; explicitFileType = wrapper.application; includeInIndex = 0; path = "To Do List.app"; sourceTree = BUILT_PRODUCTS_DIR; };
		742E63AE1DB49C7D00A1D149 /* AppDelegate.swift */ = {isa = PBXFileReference; lastKnownFileType = sourcecode.swift; path = AppDelegate.swift; sourceTree = "<group>"; };
		742E63B01DB49C7D00A1D149 /* ViewController.swift */ = {isa = PBXFileReference; lastKnownFileType = sourcecode.swift; path = ViewController.swift; sourceTree = "<group>"; };
		742E63B31DB49C7D00A1D149 /* Base */ = {isa = PBXFileReference; lastKnownFileType = file.storyboard; name = Base; path = Base.lproj/Main.storyboard; sourceTree = "<group>"; };
		742E63B51DB49C7D00A1D149 /* Assets.xcassets */ = {isa = PBXFileReference; lastKnownFileType = folder.assetcatalog; path = Assets.xcassets; sourceTree = "<group>"; };
		742E63B81DB49C7D00A1D149 /* Base */ = {isa = PBXFileReference; lastKnownFileType = file.storyboard; name = Base; path = Base.lproj/LaunchScreen.storyboard; sourceTree = "<group>"; };
		742E63BA1DB49C7D00A1D149 /* Info.plist */ = {isa = PBXFileReference; lastKnownFileType = text.plist.xml; path = Info.plist; sourceTree = "<group>"; };
		742E63BF1DB49C7D00A1D149 /* To Do ListTests.xctest */ = {isa = PBXFileReference; explicitFileType = wrapper.cfbundle; includeInIndex = 0; path = "To Do ListTests.xctest"; sourceTree = BUILT_PRODUCTS_DIR; };
		742E63C31DB49C7D00A1D149 /* To_Do_ListTests.swift */ = {isa = PBXFileReference; lastKnownFileType = sourcecode.swift; path = To_Do_ListTests.swift; sourceTree = "<group>"; };
		742E63C51DB49C7D00A1D149 /* Info.plist */ = {isa = PBXFileReference; lastKnownFileType = text.plist.xml; path = Info.plist; sourceTree = "<group>"; };
		742E63CA1DB49C7D00A1D149 /* To Do ListUITests.xctest */ = {isa = PBXFileReference; explicitFileType = wrapper.cfbundle; includeInIndex = 0; path = "To Do ListUITests.xctest"; sourceTree = BUILT_PRODUCTS_DIR; };
		742E63CE1DB49C7D00A1D149 /* To_Do_ListUITests.swift */ = {isa = PBXFileReference; lastKnownFileType = sourcecode.swift; path = To_Do_ListUITests.swift; sourceTree = "<group>"; };
		742E63D01DB49C7D00A1D149 /* Info.plist */ = {isa = PBXFileReference; lastKnownFileType = text.plist.xml; path = Info.plist; sourceTree = "<group>"; };
/* End PBXFileReference section */

/* Begin PBXFrameworksBuildPhase section */
		742E63A81DB49C7D00A1D149 /* Frameworks */ = {
			isa = PBXFrameworksBuildPhase;
			buildActionMask = 2147483647;
			files = (
			);
			runOnlyForDeploymentPostprocessing = 0;
		};
		742E63BC1DB49C7D00A1D149 /* Frameworks */ = {
			isa = PBXFrameworksBuildPhase;
			buildActionMask = 2147483647;
			files = (
			);
			runOnlyForDeploymentPostprocessing = 0;
		};
		742E63C71DB49C7D00A1D149 /* Frameworks */ = {
			isa = PBXFrameworksBuildPhase;
			buildActionMask = 2147483647;
			files = (
			);
			runOnlyForDeploymentPostprocessing = 0;
		};
/* End PBXFrameworksBuildPhase section */

/* Begin PBXGroup section */
		742E63A21DB49C7D00A1D149 = {
			isa = PBXGroup;
			children = (
				742E63AD1DB49C7D00A1D149 /* To Do List */,
				742E63C21DB49C7D00A1D149 /* To Do ListTests */,
				742E63CD1DB49C7D00A1D149 /* To Do ListUITests */,
				742E63AC1DB49C7D00A1D149 /* Products */,
			);
			sourceTree = "<group>";
		};
		742E63AC1DB49C7D00A1D149 /* Products */ = {
			isa = PBXGroup;
			children = (
				742E63AB1DB49C7D00A1D149 /* To Do List.app */,
				742E63BF1DB49C7D00A1D149 /* To Do ListTests.xctest */,
				742E63CA1DB49C7D00A1D149 /* To Do ListUITests.xctest */,
			);
			name = Products;
			sourceTree = "<group>";
		};
		742E63AD1DB49C7D00A1D149 /* To Do List */ = {
			isa = PBXGroup;
			children = (
				742E63AE1DB49C7D00A1D149 /* AppDelegate.swift */,
				742E63B01DB49C7D00A1D149 /* ViewController.swift */,
				742E63B21DB49C7D00A1D149 /* Main.storyboard */,
				742E63B51DB49C7D00A1D149 /* Assets.xcassets */,
				742E63B71DB49C7D00A1D149 /* LaunchScreen.storyboard */,
				742E63BA1DB49C7D00A1D149 /* Info.plist */,
			);
			path = "To Do List";
			sourceTree = "<group>";
		};
		742E63C21DB49C7D00A1D149 /* To Do ListTests */ = {
			isa = PBXGroup;
			children = (
				742E63C31DB49C7D00A1D149 /* To_Do_ListTests.swift */,
				742E63C51DB49C7D00A1D149 /* Info.plist */,
			);
			path = "To Do ListTests";
			sourceTree = "<group>";
		};
		742E63CD1DB49C7D00A1D149 /* To Do ListUITests */ = {
			isa = PBXGroup;
			children = (
				742E63CE1DB49C7D00A1D149 /* To_Do_ListUITests.swift */,
				742E63D01DB49C7D00A1D149 /* Info.plist */,
			);
			path = "To Do ListUITests";
			sourceTree = "<group>";
		};
/* End PBXGroup section */

/* Begin PBXNativeTarget section */
		742E63AA1DB49C7D00A1D149 /* To Do List */ = {
			isa = PBXNativeTarget;
			buildConfigurationList = 742E63D31DB49C7D00A1D149 /* Build configuration list for PBXNativeTarget "To Do List" */;
			buildPhases = (
				742E63A71DB49C7D00A1D149 /* Sources */,
				742E63A81DB49C7D00A1D149 /* Frameworks */,
				742E63A91DB49C7D00A1D149 /* Resources */,
			);
			buildRules = (
			);
			dependencies = (
			);
			name = "To Do List";
			productName = "To Do List";
			productReference = 742E63AB1DB49C7D00A1D149 /* To Do List.app */;
			productType = "com.apple.product-type.application";
		};
		742E63BE1DB49C7D00A1D149 /* To Do ListTests */ = {
			isa = PBXNativeTarget;
			buildConfigurationList = 742E63D61DB49C7D00A1D149 /* Build configuration list for PBXNativeTarget "To Do ListTests" */;
			buildPhases = (
				742E63BB1DB49C7D00A1D149 /* Sources */,
				742E63BC1DB49C7D00A1D149 /* Frameworks */,
				742E63BD1DB49C7D00A1D149 /* Resources */,
			);
			buildRules = (
			);
			dependencies = (
				742E63C11DB49C7D00A1D149 /* PBXTargetDependency */,
			);
			name = "To Do ListTests";
			productName = "To Do ListTests";
			productReference = 742E63BF1DB49C7D00A1D149 /* To Do ListTests.xctest */;
			productType = "com.apple.product-type.bundle.unit-test";
		};
		742E63C91DB49C7D00A1D149 /* To Do ListUITests */ = {
			isa = PBXNativeTarget;
			buildConfigurationList = 742E63D91DB49C7D00A1D149 /* Build configuration list for PBXNativeTarget "To Do ListUITests" */;
			buildPhases = (
				742E63C61DB49C7D00A1D149 /* Sources */,
				742E63C71DB49C7D00A1D149 /* Frameworks */,
				742E63C81DB49C7D00A1D149 /* Resources */,
			);
			buildRules = (
			);
			dependencies = (
				742E63CC1DB49C7D00A1D149 /* PBXTargetDependency */,
			);
			name = "To Do ListUITests";
			productName = "To Do ListUITests";
			productReference = 742E63CA1DB49C7D00A1D149 /* To Do ListUITests.xctest */;
			productType = "com.apple.product-type.bundle.ui-testing";
		};
/* End PBXNativeTarget section */

/* Begin PBXProject section */
		742E63A31DB49C7D00A1D149 /* Project object */ = {
			isa = PBXProject;
			attributes = {
				LastSwiftUpdateCheck = 0800;
				LastUpgradeCheck = 0800;
				ORGANIZATIONNAME = julie;
				TargetAttributes = {
					742E63AA1DB49C7D00A1D149 = {
						CreatedOnToolsVersion = 8.0;
						ProvisioningStyle = Automatic;
					};
					742E63BE1DB49C7D00A1D149 = {
						CreatedOnToolsVersion = 8.0;
						ProvisioningStyle = Automatic;
						TestTargetID = 742E63AA1DB49C7D00A1D149;
					};
					742E63C91DB49C7D00A1D149 = {
						CreatedOnToolsVersion = 8.0;
						ProvisioningStyle = Automatic;
						TestTargetID = 742E63AA1DB49C7D00A1D149;
					};
				};
			};
			buildConfigurationList = 742E63A61DB49C7D00A1D149 /* Build configuration list for PBXProject "To Do List" */;
			compatibilityVersion = "Xcode 3.2";
			developmentRegion = English;
			hasScannedForEncodings = 0;
			knownRegions = (
				en,
				Base,
			);
			mainGroup = 742E63A21DB49C7D00A1D149;
			productRefGroup = 742E63AC1DB49C7D00A1D149 /* Products */;
			projectDirPath = "";
			projectRoot = "";
			targets = (
				742E63AA1DB49C7D00A1D149 /* To Do List */,
				742E63BE1DB49C7D00A1D149 /* To Do ListTests */,
				742E63C91DB49C7D00A1D149 /* To Do ListUITests */,
			);
		};
/* End PBXProject section */

/* Begin PBXResourcesBuildPhase section */
		742E63A91DB49C7D00A1D149 /* Resources */ = {
			isa = PBXResourcesBuildPhase;
			buildActionMask = 2147483647;
			files = (
				742E63B91DB49C7D00A1D149 /* LaunchScreen.storyboard in Resources */,
				742E63B61DB49C7D00A1D149 /* Assets.xcassets in Resources */,
				742E63B41DB49C7D00A1D149 /* Main.storyboard in Resources */,
			);
			runOnlyForDeploymentPostprocessing = 0;
		};
		742E63BD1DB49C7D00A1D149 /* Resources */ = {
			isa = PBXResourcesBuildPhase;
			buildActionMask = 2147483647;
			files = (
			);
			runOnlyForDeploymentPostprocessing = 0;
		};
		742E63C81DB49C7D00A1D149 /* Resources */ = {
			isa = PBXResourcesBuildPhase;
			buildActionMask = 2147483647;
			files = (
			);
			runOnlyForDeploymentPostprocessing = 0;
		};
/* End PBXResourcesBuildPhase section */

/* Begin PBXSourcesBuildPhase section */
		742E63A71DB49C7D00A1D149 /* Sources */ = {
			isa = PBXSourcesBuildPhase;
			buildActionMask = 2147483647;
			files = (
				742E63B11DB49C7D00A1D149 /* ViewController.swift in Sources */,
				742E63AF1DB49C7D00A1D149 /* AppDelegate.swift in Sources */,
			);
			runOnlyForDeploymentPostprocessing = 0;
		};
		742E63BB1DB49C7D00A1D149 /* Sources */ = {
			isa = PBXSourcesBuildPhase;
			buildActionMask = 2147483647;
			files = (
				742E63C41DB49C7D00A1D149 /* To_Do_ListTests.swift in Sources */,
			);
			runOnlyForDeploymentPostprocessing = 0;
		};
		742E63C61DB49C7D00A1D149 /* Sources */ = {
			isa = PBXSourcesBuildPhase;
			buildActionMask = 2147483647;
			files = (
				742E63CF1DB49C7D00A1D149 /* To_Do_ListUITests.swift in Sources */,
			);
			runOnlyForDeploymentPostprocessing = 0;
		};
/* End PBXSourcesBuildPhase section */

/* Begin PBXTargetDependency section */
		742E63C11DB49C7D00A1D149 /* PBXTargetDependency */ = {
			isa = PBXTargetDependency;
			target = 742E63AA1DB49C7D00A1D149 /* To Do List */;
			targetProxy = 742E63C01DB49C7D00A1D149 /* PBXContainerItemProxy */;
		};
		742E63CC1DB49C7D00A1D149 /* PBXTargetDependency */ = {
			isa = PBXTargetDependency;
			target = 742E63AA1DB49C7D00A1D149 /* To Do List */;
			targetProxy = 742E63CB1DB49C7D00A1D149 /* PBXContainerItemProxy */;
		};
/* End PBXTargetDependency section */

/* Begin PBXVariantGroup section */
		742E63B21DB49C7D00A1D149 /* Main.storyboard */ = {
			isa = PBXVariantGroup;
			children = (
				742E63B31DB49C7D00A1D149 /* Base */,
			);
			name = Main.storyboard;
			sourceTree = "<group>";
		};
		742E63B71DB49C7D00A1D149 /* LaunchScreen.storyboard */ = {
			isa = PBXVariantGroup;
			children = (
				742E63B81DB49C7D00A1D149 /* Base */,
			);
			name = LaunchScreen.storyboard;
			sourceTree = "<group>";
		};
/* End PBXVariantGroup section */

/* Begin XCBuildConfiguration section */
		742E63D11DB49C7D00A1D149 /* Debug */ = {
			isa = XCBuildConfiguration;
			buildSettings = {
				ALWAYS_SEARCH_USER_PATHS = NO;
				CLANG_ANALYZER_NONNULL = YES;
				CLANG_CXX_LANGUAGE_STANDARD = "gnu++0x";
				CLANG_CXX_LIBRARY = "libc++";
				CLANG_ENABLE_MODULES = YES;
				CLANG_ENABLE_OBJC_ARC = YES;
				CLANG_WARN_BOOL_CONVERSION = YES;
				CLANG_WARN_CONSTANT_CONVERSION = YES;
				CLANG_WARN_DIRECT_OBJC_ISA_USAGE = YES_ERROR;
				CLANG_WARN_DOCUMENTATION_COMMENTS = YES;
				CLANG_WARN_EMPTY_BODY = YES;
				CLANG_WARN_ENUM_CONVERSION = YES;
				CLANG_WARN_INFINITE_RECURSION = YES;
				CLANG_WARN_INT_CONVERSION = YES;
				CLANG_WARN_OBJC_ROOT_CLASS = YES_ERROR;
				CLANG_WARN_SUSPICIOUS_MOVES = YES;
				CLANG_WARN_UNREACHABLE_CODE = YES;
				CLANG_WARN__DUPLICATE_METHOD_MATCH = YES;
				"CODE_SIGN_IDENTITY[sdk=iphoneos*]" = "iPhone Developer";
				COPY_PHASE_STRIP = NO;
				DEBUG_INFORMATION_FORMAT = dwarf;
				ENABLE_STRICT_OBJC_MSGSEND = YES;
				ENABLE_TESTABILITY = YES;
				GCC_C_LANGUAGE_STANDARD = gnu99;
				GCC_DYNAMIC_NO_PIC = NO;
				GCC_NO_COMMON_BLOCKS = YES;
				GCC_OPTIMIZATION_LEVEL = 0;
				GCC_PREPROCESSOR_DEFINITIONS = (
					"DEBUG=1",
					"$(inherited)",
				);
				GCC_WARN_64_TO_32_BIT_CONVERSION = YES;
				GCC_WARN_ABOUT_RETURN_TYPE = YES_ERROR;
				GCC_WARN_UNDECLARED_SELECTOR = YES;
				GCC_WARN_UNINITIALIZED_AUTOS = YES_AGGRESSIVE;
				GCC_WARN_UNUSED_FUNCTION = YES;
				GCC_WARN_UNUSED_VARIABLE = YES;
				IPHONEOS_DEPLOYMENT_TARGET = 10.0;
				MTL_ENABLE_DEBUG_INFO = YES;
				ONLY_ACTIVE_ARCH = YES;
				SDKROOT = iphoneos;
				SWIFT_ACTIVE_COMPILATION_CONDITIONS = DEBUG;
				SWIFT_OPTIMIZATION_LEVEL = "-Onone";
				TARGETED_DEVICE_FAMILY = "1,2";
			};
			name = Debug;
		};
		742E63D21DB49C7D00A1D149 /* Release */ = {
			isa = XCBuildConfiguration;
			buildSettings = {
				ALWAYS_SEARCH_USER_PATHS = NO;
				CLANG_ANALYZER_NONNULL = YES;
				CLANG_CXX_LANGUAGE_STANDARD = "gnu++0x";
				CLANG_CXX_LIBRARY = "libc++";
				CLANG_ENABLE_MODULES = YES;
				CLANG_ENABLE_OBJC_ARC = YES;
				CLANG_WARN_BOOL_CONVERSION = YES;
				CLANG_WARN_CONSTANT_CONVERSION = YES;
				CLANG_WARN_DIRECT_OBJC_ISA_USAGE = YES_ERROR;
				CLANG_WARN_DOCUMENTATION_COMMENTS = YES;
				CLANG_WARN_EMPTY_BODY = YES;
				CLANG_WARN_ENUM_CONVERSION = YES;
				CLANG_WARN_INFINITE_RECURSION = YES;
				CLANG_WARN_INT_CONVERSION = YES;
				CLANG_WARN_OBJC_ROOT_CLASS = YES_ERROR;
				CLANG_WARN_SUSPICIOUS_MOVES = YES;
				CLANG_WARN_UNREACHABLE_CODE = YES;
				CLANG_WARN__DUPLICATE_METHOD_MATCH = YES;
				"CODE_SIGN_IDENTITY[sdk=iphoneos*]" = "iPhone Developer";
				COPY_PHASE_STRIP = NO;
				DEBUG_INFORMATION_FORMAT = "dwarf-with-dsym";
				ENABLE_NS_ASSERTIONS = NO;
				ENABLE_STRICT_OBJC_MSGSEND = YES;
				GCC_C_LANGUAGE_STANDARD = gnu99;
				GCC_NO_COMMON_BLOCKS = YES;
				GCC_WARN_64_TO_32_BIT_CONVERSION = YES;
				GCC_WARN_ABOUT_RETURN_TYPE = YES_ERROR;
				GCC_WARN_UNDECLARED_SELECTOR = YES;
				GCC_WARN_UNINITIALIZED_AUTOS = YES_AGGRESSIVE;
				GCC_WARN_UNUSED_FUNCTION = YES;
				GCC_WARN_UNUSED_VARIABLE = YES;
				IPHONEOS_DEPLOYMENT_TARGET = 10.0;
				MTL_ENABLE_DEBUG_INFO = NO;
				SDKROOT = iphoneos;
				SWIFT_OPTIMIZATION_LEVEL = "-Owholemodule";
				TARGETED_DEVICE_FAMILY = "1,2";
				VALIDATE_PRODUCT = YES;
			};
			name = Release;
		};
		742E63D41DB49C7D00A1D149 /* Debug */ = {
			isa = XCBuildConfiguration;
			buildSettings = {
				ASSETCATALOG_COMPILER_APPICON_NAME = AppIcon;
				INFOPLIST_FILE = "To Do List/Info.plist";
				LD_RUNPATH_SEARCH_PATHS = "$(inherited) @executable_path/Frameworks";
				PRODUCT_BUNDLE_IDENTIFIER = "ios-decal.To-Do-List";
				PRODUCT_NAME = "$(TARGET_NAME)";
				SWIFT_VERSION = 3.0;
			};
			name = Debug;
		};
		742E63D51DB49C7D00A1D149 /* Release */ = {
			isa = XCBuildConfiguration;
			buildSettings = {
				ASSETCATALOG_COMPILER_APPICON_NAME = AppIcon;
				INFOPLIST_FILE = "To Do List/Info.plist";
				LD_RUNPATH_SEARCH_PATHS = "$(inherited) @executable_path/Frameworks";
				PRODUCT_BUNDLE_IDENTIFIER = "ios-decal.To-Do-List";
				PRODUCT_NAME = "$(TARGET_NAME)";
				SWIFT_VERSION = 3.0;
			};
			name = Release;
		};
		742E63D71DB49C7D00A1D149 /* Debug */ = {
			isa = XCBuildConfiguration;
			buildSettings = {
				ALWAYS_EMBED_SWIFT_STANDARD_LIBRARIES = YES;
				BUNDLE_LOADER = "$(TEST_HOST)";
				INFOPLIST_FILE = "To Do ListTests/Info.plist";
				LD_RUNPATH_SEARCH_PATHS = "$(inherited) @executable_path/Frameworks @loader_path/Frameworks";
				PRODUCT_BUNDLE_IDENTIFIER = "ios-decal.To-Do-ListTests";
				PRODUCT_NAME = "$(TARGET_NAME)";
				SWIFT_VERSION = 3.0;
				TEST_HOST = "$(BUILT_PRODUCTS_DIR)/To Do List.app/To Do List";
			};
			name = Debug;
		};
		742E63D81DB49C7D00A1D149 /* Release */ = {
			isa = XCBuildConfiguration;
			buildSettings = {
				ALWAYS_EMBED_SWIFT_STANDARD_LIBRARIES = YES;
				BUNDLE_LOADER = "$(TEST_HOST)";
				INFOPLIST_FILE = "To Do ListTests/Info.plist";
				LD_RUNPATH_SEARCH_PATHS = "$(inherited) @executable_path/Frameworks @loader_path/Frameworks";
				PRODUCT_BUNDLE_IDENTIFIER = "ios-decal.To-Do-ListTests";
				PRODUCT_NAME = "$(TARGET_NAME)";
				SWIFT_VERSION = 3.0;
				TEST_HOST = "$(BUILT_PRODUCTS_DIR)/To Do List.app/To Do List";
			};
			name = Release;
		};
		742E63DA1DB49C7D00A1D149 /* Debug */ = {
			isa = XCBuildConfiguration;
			buildSettings = {
				ALWAYS_EMBED_SWIFT_STANDARD_LIBRARIES = YES;
				INFOPLIST_FILE = "To Do ListUITests/Info.plist";
				LD_RUNPATH_SEARCH_PATHS = "$(inherited) @executable_path/Frameworks @loader_path/Frameworks";
				PRODUCT_BUNDLE_IDENTIFIER = "ios-decal.To-Do-ListUITests";
				PRODUCT_NAME = "$(TARGET_NAME)";
				SWIFT_VERSION = 3.0;
				TEST_TARGET_NAME = "To Do List";
			};
			name = Debug;
		};
		742E63DB1DB49C7D00A1D149 /* Release */ = {
			isa = XCBuildConfiguration;
			buildSettings = {
				ALWAYS_EMBED_SWIFT_STANDARD_LIBRARIES = YES;
				INFOPLIST_FILE = "To Do ListUITests/Info.plist";
				LD_RUNPATH_SEARCH_PATHS = "$(inherited) @executable_path/Frameworks @loader_path/Frameworks";
				PRODUCT_BUNDLE_IDENTIFIER = "ios-decal.To-Do-ListUITests";
				PRODUCT_NAME = "$(TARGET_NAME)";
				SWIFT_VERSION = 3.0;
				TEST_TARGET_NAME = "To Do List";
			};
			name = Release;
		};
/* End XCBuildConfiguration section */

/* Begin XCConfigurationList section */
		742E63A61DB49C7D00A1D149 /* Build configuration list for PBXProject "To Do List" */ = {
			isa = XCConfigurationList;
			buildConfigurations = (
				742E63D11DB49C7D00A1D149 /* Debug */,
				742E63D21DB49C7D00A1D149 /* Release */,
			);
			defaultConfigurationIsVisible = 0;
			defaultConfigurationName = Release;
		};
		742E63D31DB49C7D00A1D149 /* Build configuration list for PBXNativeTarget "To Do List" */ = {
			isa = XCConfigurationList;
			buildConfigurations = (
				742E63D41DB49C7D00A1D149 /* Debug */,
				742E63D51DB49C7D00A1D149 /* Release */,
			);
			defaultConfigurationIsVisible = 0;
		};
		742E63D61DB49C7D00A1D149 /* Build configuration list for PBXNativeTarget "To Do ListTests" */ = {
			isa = XCConfigurationList;
			buildConfigurations = (
				742E63D71DB49C7D00A1D149 /* Debug */,
				742E63D81DB49C7D00A1D149 /* Release */,
			);
			defaultConfigurationIsVisible = 0;
		};
		742E63D91DB49C7D00A1D149 /* Build configuration list for PBXNativeTarget "To Do ListUITests" */ = {
			isa = XCConfigurationList;
			buildConfigurations = (
				742E63DA1DB49C7D00A1D149 /* Debug */,
				742E63DB1DB49C7D00A1D149 /* Release */,
			);
			defaultConfigurationIsVisible = 0;
		};
/* End XCConfigurationList section */
	};
	rootObject = 742E63A31DB49C7D00A1D149 /* Project object */;
}
